// !$*UTF8*$!
{
	archiveVersion = 1;
	classes = {
	};
	objectVersion = 50;
	objects = {

/* Begin PBXBuildFile section */
		B816B57926684D90009CA8E0 /* MoviesApp.swift in Sources */ = {isa = PBXBuildFile; fileRef = B816B57826684D90009CA8E0 /* MoviesApp.swift */; };
		B816B57B26684D90009CA8E0 /* MoviesView.swift in Sources */ = {isa = PBXBuildFile; fileRef = B816B57A26684D90009CA8E0 /* MoviesView.swift */; };
		B816B57D26684D92009CA8E0 /* Assets.xcassets in Resources */ = {isa = PBXBuildFile; fileRef = B816B57C26684D92009CA8E0 /* Assets.xcassets */; };
		B816B58026684D92009CA8E0 /* Preview Assets.xcassets in Resources */ = {isa = PBXBuildFile; fileRef = B816B57F26684D92009CA8E0 /* Preview Assets.xcassets */; };
		B816B58B26684D93009CA8E0 /* MoviesTests.swift in Sources */ = {isa = PBXBuildFile; fileRef = B816B58A26684D93009CA8E0 /* MoviesTests.swift */; };
		B816B59626684D93009CA8E0 /* MoviesUITests.swift in Sources */ = {isa = PBXBuildFile; fileRef = B816B59526684D93009CA8E0 /* MoviesUITests.swift */; };
		B816B5A426685AF7009CA8E0 /* MoviesViewModel.swift in Sources */ = {isa = PBXBuildFile; fileRef = B816B5A326685AF7009CA8E0 /* MoviesViewModel.swift */; };
		B816B5A626685B7A009CA8E0 /* MoviesModel.swift in Sources */ = {isa = PBXBuildFile; fileRef = B816B5A526685B7A009CA8E0 /* MoviesModel.swift */; };
		B816B5AB26686709009CA8E0 /* Services.swift in Sources */ = {isa = PBXBuildFile; fileRef = B816B5AA26686709009CA8E0 /* Services.swift */; };
		B816B5AE266872FC009CA8E0 /* SearchBar.swift in Sources */ = {isa = PBXBuildFile; fileRef = B816B5AD266872FC009CA8E0 /* SearchBar.swift */; };
		B816B5B126688B69009CA8E0 /* MoviewDetailView.swift in Sources */ = {isa = PBXBuildFile; fileRef = B816B5B026688B69009CA8E0 /* MoviewDetailView.swift */; };
		B816B5B326688D8D009CA8E0 /* MovieDetailViewModel.swift in Sources */ = {isa = PBXBuildFile; fileRef = B816B5B226688D8D009CA8E0 /* MovieDetailViewModel.swift */; };
/* End PBXBuildFile section */

/* Begin PBXContainerItemProxy section */
		B816B58726684D93009CA8E0 /* PBXContainerItemProxy */ = {
			isa = PBXContainerItemProxy;
			containerPortal = B816B56D26684D90009CA8E0 /* Project object */;
			proxyType = 1;
			remoteGlobalIDString = B816B57426684D90009CA8E0;
			remoteInfo = Movies;
		};
		B816B59226684D93009CA8E0 /* PBXContainerItemProxy */ = {
			isa = PBXContainerItemProxy;
			containerPortal = B816B56D26684D90009CA8E0 /* Project object */;
			proxyType = 1;
			remoteGlobalIDString = B816B57426684D90009CA8E0;
			remoteInfo = Movies;
		};
/* End PBXContainerItemProxy section */

/* Begin PBXFileReference section */
		B816B57526684D90009CA8E0 /* Movies.app */ = {isa = PBXFileReference; explicitFileType = wrapper.application; includeInIndex = 0; path = Movies.app; sourceTree = BUILT_PRODUCTS_DIR; };
		B816B57826684D90009CA8E0 /* MoviesApp.swift */ = {isa = PBXFileReference; lastKnownFileType = sourcecode.swift; path = MoviesApp.swift; sourceTree = "<group>"; };
		B816B57A26684D90009CA8E0 /* MoviesView.swift */ = {isa = PBXFileReference; lastKnownFileType = sourcecode.swift; path = MoviesView.swift; sourceTree = "<group>"; };
		B816B57C26684D92009CA8E0 /* Assets.xcassets */ = {isa = PBXFileReference; lastKnownFileType = folder.assetcatalog; path = Assets.xcassets; sourceTree = "<group>"; };
		B816B57F26684D92009CA8E0 /* Preview Assets.xcassets */ = {isa = PBXFileReference; lastKnownFileType = folder.assetcatalog; path = "Preview Assets.xcassets"; sourceTree = "<group>"; };
		B816B58126684D92009CA8E0 /* Info.plist */ = {isa = PBXFileReference; lastKnownFileType = text.plist.xml; path = Info.plist; sourceTree = "<group>"; };
		B816B58626684D93009CA8E0 /* MoviesTests.xctest */ = {isa = PBXFileReference; explicitFileType = wrapper.cfbundle; includeInIndex = 0; path = MoviesTests.xctest; sourceTree = BUILT_PRODUCTS_DIR; };
		B816B58A26684D93009CA8E0 /* MoviesTests.swift */ = {isa = PBXFileReference; lastKnownFileType = sourcecode.swift; path = MoviesTests.swift; sourceTree = "<group>"; };
		B816B58C26684D93009CA8E0 /* Info.plist */ = {isa = PBXFileReference; lastKnownFileType = text.plist.xml; path = Info.plist; sourceTree = "<group>"; };
		B816B59126684D93009CA8E0 /* MoviesUITests.xctest */ = {isa = PBXFileReference; explicitFileType = wrapper.cfbundle; includeInIndex = 0; path = MoviesUITests.xctest; sourceTree = BUILT_PRODUCTS_DIR; };
		B816B59526684D93009CA8E0 /* MoviesUITests.swift */ = {isa = PBXFileReference; lastKnownFileType = sourcecode.swift; path = MoviesUITests.swift; sourceTree = "<group>"; };
		B816B59726684D93009CA8E0 /* Info.plist */ = {isa = PBXFileReference; lastKnownFileType = text.plist.xml; path = Info.plist; sourceTree = "<group>"; };
		B816B5A326685AF7009CA8E0 /* MoviesViewModel.swift */ = {isa = PBXFileReference; lastKnownFileType = sourcecode.swift; path = MoviesViewModel.swift; sourceTree = "<group>"; };
		B816B5A526685B7A009CA8E0 /* MoviesModel.swift */ = {isa = PBXFileReference; lastKnownFileType = sourcecode.swift; path = MoviesModel.swift; sourceTree = "<group>"; };
		B816B5AA26686709009CA8E0 /* Services.swift */ = {isa = PBXFileReference; lastKnownFileType = sourcecode.swift; path = Services.swift; sourceTree = "<group>"; };
		B816B5AD266872FC009CA8E0 /* SearchBar.swift */ = {isa = PBXFileReference; lastKnownFileType = sourcecode.swift; path = SearchBar.swift; sourceTree = "<group>"; };
		B816B5B026688B69009CA8E0 /* MoviewDetailView.swift */ = {isa = PBXFileReference; lastKnownFileType = sourcecode.swift; path = MoviewDetailView.swift; sourceTree = "<group>"; };
		B816B5B226688D8D009CA8E0 /* MovieDetailViewModel.swift */ = {isa = PBXFileReference; lastKnownFileType = sourcecode.swift; path = MovieDetailViewModel.swift; sourceTree = "<group>"; };
/* End PBXFileReference section */

/* Begin PBXFrameworksBuildPhase section */
		B816B57226684D90009CA8E0 /* Frameworks */ = {
			isa = PBXFrameworksBuildPhase;
			buildActionMask = 2147483647;
			files = (
			);
			runOnlyForDeploymentPostprocessing = 0;
		};
		B816B58326684D93009CA8E0 /* Frameworks */ = {
			isa = PBXFrameworksBuildPhase;
			buildActionMask = 2147483647;
			files = (
			);
			runOnlyForDeploymentPostprocessing = 0;
		};
		B816B58E26684D93009CA8E0 /* Frameworks */ = {
			isa = PBXFrameworksBuildPhase;
			buildActionMask = 2147483647;
			files = (
			);
			runOnlyForDeploymentPostprocessing = 0;
		};
/* End PBXFrameworksBuildPhase section */

/* Begin PBXGroup section */
		B816B56C26684D90009CA8E0 = {
			isa = PBXGroup;
			children = (
				B816B57726684D90009CA8E0 /* Movies */,
				B816B58926684D93009CA8E0 /* MoviesTests */,
				B816B59426684D93009CA8E0 /* MoviesUITests */,
				B816B57626684D90009CA8E0 /* Products */,
			);
			sourceTree = "<group>";
		};
		B816B57626684D90009CA8E0 /* Products */ = {
			isa = PBXGroup;
			children = (
				B816B57526684D90009CA8E0 /* Movies.app */,
				B816B58626684D93009CA8E0 /* MoviesTests.xctest */,
				B816B59126684D93009CA8E0 /* MoviesUITests.xctest */,
			);
			name = Products;
			sourceTree = "<group>";
		};
		B816B57726684D90009CA8E0 /* Movies */ = {
			isa = PBXGroup;
			children = (
				B816B5AC2668729F009CA8E0 /* UI */,
				B816B5A92668668C009CA8E0 /* Api */,
				B816B5A826686686009CA8E0 /* Utils */,
				B816B5AF26688B3D009CA8E0 /* MovieDetail */,
				B816B5A7266865F1009CA8E0 /* MovieList */,
				B816B57826684D90009CA8E0 /* MoviesApp.swift */,
				B816B57C26684D92009CA8E0 /* Assets.xcassets */,
				B816B58126684D92009CA8E0 /* Info.plist */,
				B816B57E26684D92009CA8E0 /* Preview Content */,
			);
			path = Movies;
			sourceTree = "<group>";
		};
		B816B57E26684D92009CA8E0 /* Preview Content */ = {
			isa = PBXGroup;
			children = (
				B816B57F26684D92009CA8E0 /* Preview Assets.xcassets */,
			);
			path = "Preview Content";
			sourceTree = "<group>";
		};
		B816B58926684D93009CA8E0 /* MoviesTests */ = {
			isa = PBXGroup;
			children = (
				B816B58A26684D93009CA8E0 /* MoviesTests.swift */,
				B816B58C26684D93009CA8E0 /* Info.plist */,
			);
			path = MoviesTests;
			sourceTree = "<group>";
		};
		B816B59426684D93009CA8E0 /* MoviesUITests */ = {
			isa = PBXGroup;
			children = (
				B816B59526684D93009CA8E0 /* MoviesUITests.swift */,
				B816B59726684D93009CA8E0 /* Info.plist */,
			);
			path = MoviesUITests;
			sourceTree = "<group>";
		};
		B816B5A7266865F1009CA8E0 /* MovieList */ = {
			isa = PBXGroup;
			children = (
				B816B5A326685AF7009CA8E0 /* MoviesViewModel.swift */,
				B816B5A526685B7A009CA8E0 /* MoviesModel.swift */,
				B816B57A26684D90009CA8E0 /* MoviesView.swift */,
			);
			path = MovieList;
			sourceTree = "<group>";
		};
		B816B5A826686686009CA8E0 /* Utils */ = {
			isa = PBXGroup;
			children = (
			);
			path = Utils;
			sourceTree = "<group>";
		};
		B816B5A92668668C009CA8E0 /* Api */ = {
			isa = PBXGroup;
			children = (
				B816B5AA26686709009CA8E0 /* Services.swift */,
			);
			path = Api;
			sourceTree = "<group>";
		};
		B816B5AC2668729F009CA8E0 /* UI */ = {
			isa = PBXGroup;
			children = (
				B816B5AD266872FC009CA8E0 /* SearchBar.swift */,
			);
			path = UI;
			sourceTree = "<group>";
		};
		B816B5AF26688B3D009CA8E0 /* MovieDetail */ = {
			isa = PBXGroup;
			children = (
				B816B5B026688B69009CA8E0 /* MoviewDetailView.swift */,
				B816B5B226688D8D009CA8E0 /* MovieDetailViewModel.swift */,
			);
			path = MovieDetail;
			sourceTree = "<group>";
		};
/* End PBXGroup section */

/* Begin PBXNativeTarget section */
		B816B57426684D90009CA8E0 /* Movies */ = {
			isa = PBXNativeTarget;
			buildConfigurationList = B816B59A26684D93009CA8E0 /* Build configuration list for PBXNativeTarget "Movies" */;
			buildPhases = (
				B816B57126684D90009CA8E0 /* Sources */,
				B816B57226684D90009CA8E0 /* Frameworks */,
				B816B57326684D90009CA8E0 /* Resources */,
			);
			buildRules = (
			);
			dependencies = (
			);
			name = Movies;
			productName = Movies;
			productReference = B816B57526684D90009CA8E0 /* Movies.app */;
			productType = "com.apple.product-type.application";
		};
		B816B58526684D93009CA8E0 /* MoviesTests */ = {
			isa = PBXNativeTarget;
			buildConfigurationList = B816B59D26684D93009CA8E0 /* Build configuration list for PBXNativeTarget "MoviesTests" */;
			buildPhases = (
				B816B58226684D93009CA8E0 /* Sources */,
				B816B58326684D93009CA8E0 /* Frameworks */,
				B816B58426684D93009CA8E0 /* Resources */,
			);
			buildRules = (
			);
			dependencies = (
				B816B58826684D93009CA8E0 /* PBXTargetDependency */,
			);
			name = MoviesTests;
			productName = MoviesTests;
			productReference = B816B58626684D93009CA8E0 /* MoviesTests.xctest */;
			productType = "com.apple.product-type.bundle.unit-test";
		};
		B816B59026684D93009CA8E0 /* MoviesUITests */ = {
			isa = PBXNativeTarget;
			buildConfigurationList = B816B5A026684D93009CA8E0 /* Build configuration list for PBXNativeTarget "MoviesUITests" */;
			buildPhases = (
				B816B58D26684D93009CA8E0 /* Sources */,
				B816B58E26684D93009CA8E0 /* Frameworks */,
				B816B58F26684D93009CA8E0 /* Resources */,
			);
			buildRules = (
			);
			dependencies = (
				B816B59326684D93009CA8E0 /* PBXTargetDependency */,
			);
			name = MoviesUITests;
			productName = MoviesUITests;
			productReference = B816B59126684D93009CA8E0 /* MoviesUITests.xctest */;
			productType = "com.apple.product-type.bundle.ui-testing";
		};
/* End PBXNativeTarget section */

/* Begin PBXProject section */
		B816B56D26684D90009CA8E0 /* Project object */ = {
			isa = PBXProject;
			attributes = {
				LastSwiftUpdateCheck = 1250;
				LastUpgradeCheck = 1250;
				TargetAttributes = {
					B816B57426684D90009CA8E0 = {
						CreatedOnToolsVersion = 12.5;
					};
					B816B58526684D93009CA8E0 = {
						CreatedOnToolsVersion = 12.5;
						TestTargetID = B816B57426684D90009CA8E0;
					};
					B816B59026684D93009CA8E0 = {
						CreatedOnToolsVersion = 12.5;
						TestTargetID = B816B57426684D90009CA8E0;
					};
				};
			};
			buildConfigurationList = B816B57026684D90009CA8E0 /* Build configuration list for PBXProject "Movies" */;
			compatibilityVersion = "Xcode 9.3";
			developmentRegion = en;
			hasScannedForEncodings = 0;
			knownRegions = (
				en,
				Base,
			);
			mainGroup = B816B56C26684D90009CA8E0;
			productRefGroup = B816B57626684D90009CA8E0 /* Products */;
			projectDirPath = "";
			projectRoot = "";
			targets = (
				B816B57426684D90009CA8E0 /* Movies */,
				B816B58526684D93009CA8E0 /* MoviesTests */,
				B816B59026684D93009CA8E0 /* MoviesUITests */,
			);
		};
/* End PBXProject section */

/* Begin PBXResourcesBuildPhase section */
		B816B57326684D90009CA8E0 /* Resources */ = {
			isa = PBXResourcesBuildPhase;
			buildActionMask = 2147483647;
			files = (
				B816B58026684D92009CA8E0 /* Preview Assets.xcassets in Resources */,
				B816B57D26684D92009CA8E0 /* Assets.xcassets in Resources */,
			);
			runOnlyForDeploymentPostprocessing = 0;
		};
		B816B58426684D93009CA8E0 /* Resources */ = {
			isa = PBXResourcesBuildPhase;
			buildActionMask = 2147483647;
			files = (
			);
			runOnlyForDeploymentPostprocessing = 0;
		};
		B816B58F26684D93009CA8E0 /* Resources */ = {
			isa = PBXResourcesBuildPhase;
			buildActionMask = 2147483647;
			files = (
			);
			runOnlyForDeploymentPostprocessing = 0;
		};
/* End PBXResourcesBuildPhase section */

/* Begin PBXSourcesBuildPhase section */
		B816B57126684D90009CA8E0 /* Sources */ = {
			isa = PBXSourcesBuildPhase;
			buildActionMask = 2147483647;
			files = (
				B816B5AB26686709009CA8E0 /* Services.swift in Sources */,
				B816B5A626685B7A009CA8E0 /* MoviesModel.swift in Sources */,
				B816B57B26684D90009CA8E0 /* MoviesView.swift in Sources */,
				B816B5B126688B69009CA8E0 /* MoviewDetailView.swift in Sources */,
				B816B5B326688D8D009CA8E0 /* MovieDetailViewModel.swift in Sources */,
				B816B5A426685AF7009CA8E0 /* MoviesViewModel.swift in Sources */,
				B816B57926684D90009CA8E0 /* MoviesApp.swift in Sources */,
				B816B5AE266872FC009CA8E0 /* SearchBar.swift in Sources */,
			);
			runOnlyForDeploymentPostprocessing = 0;
		};
		B816B58226684D93009CA8E0 /* Sources */ = {
			isa = PBXSourcesBuildPhase;
			buildActionMask = 2147483647;
			files = (
				B816B58B26684D93009CA8E0 /* MoviesTests.swift in Sources */,
			);
			runOnlyForDeploymentPostprocessing = 0;
		};
		B816B58D26684D93009CA8E0 /* Sources */ = {
			isa = PBXSourcesBuildPhase;
			buildActionMask = 2147483647;
			files = (
				B816B59626684D93009CA8E0 /* MoviesUITests.swift in Sources */,
			);
			runOnlyForDeploymentPostprocessing = 0;
		};
/* End PBXSourcesBuildPhase section */

/* Begin PBXTargetDependency section */
		B816B58826684D93009CA8E0 /* PBXTargetDependency */ = {
			isa = PBXTargetDependency;
			target = B816B57426684D90009CA8E0 /* Movies */;
			targetProxy = B816B58726684D93009CA8E0 /* PBXContainerItemProxy */;
		};
		B816B59326684D93009CA8E0 /* PBXTargetDependency */ = {
			isa = PBXTargetDependency;
			target = B816B57426684D90009CA8E0 /* Movies */;
			targetProxy = B816B59226684D93009CA8E0 /* PBXContainerItemProxy */;
		};
/* End PBXTargetDependency section */

/* Begin XCBuildConfiguration section */
		B816B59826684D93009CA8E0 /* Debug */ = {
			isa = XCBuildConfiguration;
			buildSettings = {
				ALWAYS_SEARCH_USER_PATHS = NO;
				CLANG_ANALYZER_NONNULL = YES;
				CLANG_ANALYZER_NUMBER_OBJECT_CONVERSION = YES_AGGRESSIVE;
				CLANG_CXX_LANGUAGE_STANDARD = "gnu++14";
				CLANG_CXX_LIBRARY = "libc++";
				CLANG_ENABLE_MODULES = YES;
				CLANG_ENABLE_OBJC_ARC = YES;
				CLANG_ENABLE_OBJC_WEAK = YES;
				CLANG_WARN_BLOCK_CAPTURE_AUTORELEASING = YES;
				CLANG_WARN_BOOL_CONVERSION = YES;
				CLANG_WARN_COMMA = YES;
				CLANG_WARN_CONSTANT_CONVERSION = YES;
				CLANG_WARN_DEPRECATED_OBJC_IMPLEMENTATIONS = YES;
				CLANG_WARN_DIRECT_OBJC_ISA_USAGE = YES_ERROR;
				CLANG_WARN_DOCUMENTATION_COMMENTS = YES;
				CLANG_WARN_EMPTY_BODY = YES;
				CLANG_WARN_ENUM_CONVERSION = YES;
				CLANG_WARN_INFINITE_RECURSION = YES;
				CLANG_WARN_INT_CONVERSION = YES;
				CLANG_WARN_NON_LITERAL_NULL_CONVERSION = YES;
				CLANG_WARN_OBJC_IMPLICIT_RETAIN_SELF = YES;
				CLANG_WARN_OBJC_LITERAL_CONVERSION = YES;
				CLANG_WARN_OBJC_ROOT_CLASS = YES_ERROR;
				CLANG_WARN_QUOTED_INCLUDE_IN_FRAMEWORK_HEADER = YES;
				CLANG_WARN_RANGE_LOOP_ANALYSIS = YES;
				CLANG_WARN_STRICT_PROTOTYPES = YES;
				CLANG_WARN_SUSPICIOUS_MOVE = YES;
				CLANG_WARN_UNGUARDED_AVAILABILITY = YES_AGGRESSIVE;
				CLANG_WARN_UNREACHABLE_CODE = YES;
				CLANG_WARN__DUPLICATE_METHOD_MATCH = YES;
				COPY_PHASE_STRIP = NO;
				DEBUG_INFORMATION_FORMAT = dwarf;
				ENABLE_STRICT_OBJC_MSGSEND = YES;
				ENABLE_TESTABILITY = YES;
				GCC_C_LANGUAGE_STANDARD = gnu11;
				GCC_DYNAMIC_NO_PIC = NO;
				GCC_NO_COMMON_BLOCKS = YES;
				GCC_OPTIMIZATION_LEVEL = 0;
				GCC_PREPROCESSOR_DEFINITIONS = (
					"DEBUG=1",
					"$(inherited)",
				);
				GCC_WARN_64_TO_32_BIT_CONVERSION = YES;
				GCC_WARN_ABOUT_RETURN_TYPE = YES_ERROR;
				GCC_WARN_UNDECLARED_SELECTOR = YES;
				GCC_WARN_UNINITIALIZED_AUTOS = YES_AGGRESSIVE;
				GCC_WARN_UNUSED_FUNCTION = YES;
				GCC_WARN_UNUSED_VARIABLE = YES;
				IPHONEOS_DEPLOYMENT_TARGET = 14.5;
				MTL_ENABLE_DEBUG_INFO = INCLUDE_SOURCE;
				MTL_FAST_MATH = YES;
				ONLY_ACTIVE_ARCH = YES;
				SDKROOT = iphoneos;
				SWIFT_ACTIVE_COMPILATION_CONDITIONS = DEBUG;
				SWIFT_OPTIMIZATION_LEVEL = "-Onone";
			};
			name = Debug;
		};
		B816B59926684D93009CA8E0 /* Release */ = {
			isa = XCBuildConfiguration;
			buildSettings = {
				ALWAYS_SEARCH_USER_PATHS = NO;
				CLANG_ANALYZER_NONNULL = YES;
				CLANG_ANALYZER_NUMBER_OBJECT_CONVERSION = YES_AGGRESSIVE;
				CLANG_CXX_LANGUAGE_STANDARD = "gnu++14";
				CLANG_CXX_LIBRARY = "libc++";
				CLANG_ENABLE_MODULES = YES;
				CLANG_ENABLE_OBJC_ARC = YES;
				CLANG_ENABLE_OBJC_WEAK = YES;
				CLANG_WARN_BLOCK_CAPTURE_AUTORELEASING = YES;
				CLANG_WARN_BOOL_CONVERSION = YES;
				CLANG_WARN_COMMA = YES;
				CLANG_WARN_CONSTANT_CONVERSION = YES;
				CLANG_WARN_DEPRECATED_OBJC_IMPLEMENTATIONS = YES;
				CLANG_WARN_DIRECT_OBJC_ISA_USAGE = YES_ERROR;
				CLANG_WARN_DOCUMENTATION_COMMENTS = YES;
				CLANG_WARN_EMPTY_BODY = YES;
				CLANG_WARN_ENUM_CONVERSION = YES;
				CLANG_WARN_INFINITE_RECURSION = YES;
				CLANG_WARN_INT_CONVERSION = YES;
				CLANG_WARN_NON_LITERAL_NULL_CONVERSION = YES;
				CLANG_WARN_OBJC_IMPLICIT_RETAIN_SELF = YES;
				CLANG_WARN_OBJC_LITERAL_CONVERSION = YES;
				CLANG_WARN_OBJC_ROOT_CLASS = YES_ERROR;
				CLANG_WARN_QUOTED_INCLUDE_IN_FRAMEWORK_HEADER = YES;
				CLANG_WARN_RANGE_LOOP_ANALYSIS = YES;
				CLANG_WARN_STRICT_PROTOTYPES = YES;
				CLANG_WARN_SUSPICIOUS_MOVE = YES;
				CLANG_WARN_UNGUARDED_AVAILABILITY = YES_AGGRESSIVE;
				CLANG_WARN_UNREACHABLE_CODE = YES;
				CLANG_WARN__DUPLICATE_METHOD_MATCH = YES;
				COPY_PHASE_STRIP = NO;
				DEBUG_INFORMATION_FORMAT = "dwarf-with-dsym";
				ENABLE_NS_ASSERTIONS = NO;
				ENABLE_STRICT_OBJC_MSGSEND = YES;
				GCC_C_LANGUAGE_STANDARD = gnu11;
				GCC_NO_COMMON_BLOCKS = YES;
				GCC_WARN_64_TO_32_BIT_CONVERSION = YES;
				GCC_WARN_ABOUT_RETURN_TYPE = YES_ERROR;
				GCC_WARN_UNDECLARED_SELECTOR = YES;
				GCC_WARN_UNINITIALIZED_AUTOS = YES_AGGRESSIVE;
				GCC_WARN_UNUSED_FUNCTION = YES;
				GCC_WARN_UNUSED_VARIABLE = YES;
				IPHONEOS_DEPLOYMENT_TARGET = 14.5;
				MTL_ENABLE_DEBUG_INFO = NO;
				MTL_FAST_MATH = YES;
				SDKROOT = iphoneos;
				SWIFT_COMPILATION_MODE = wholemodule;
				SWIFT_OPTIMIZATION_LEVEL = "-O";
				VALIDATE_PRODUCT = YES;
			};
			name = Release;
		};
		B816B59B26684D93009CA8E0 /* Debug */ = {
			isa = XCBuildConfiguration;
			buildSettings = {
				ASSETCATALOG_COMPILER_APPICON_NAME = AppIcon;
				ASSETCATALOG_COMPILER_GLOBAL_ACCENT_COLOR_NAME = AccentColor;
				CODE_SIGN_STYLE = Automatic;
				DEVELOPMENT_ASSET_PATHS = "\"Movies/Preview Content\"";
				DEVELOPMENT_TEAM = 3QP7U5GNG3;
				ENABLE_PREVIEWS = YES;
				INFOPLIST_FILE = Movies/Info.plist;
				IPHONEOS_DEPLOYMENT_TARGET = 14.0;
				LD_RUNPATH_SEARCH_PATHS = (
					"$(inherited)",
					"@executable_path/Frameworks",
				);
				PRODUCT_BUNDLE_IDENTIFIER = com.slekens.Movies;
				PRODUCT_NAME = "$(TARGET_NAME)";
				SWIFT_VERSION = 5.0;
				TARGETED_DEVICE_FAMILY = "1,2";
			};
			name = Debug;
		};
		B816B59C26684D93009CA8E0 /* Release */ = {
			isa = XCBuildConfiguration;
			buildSettings = {
				ASSETCATALOG_COMPILER_APPICON_NAME = AppIcon;
				ASSETCATALOG_COMPILER_GLOBAL_ACCENT_COLOR_NAME = AccentColor;
				CODE_SIGN_STYLE = Automatic;
				DEVELOPMENT_ASSET_PATHS = "\"Movies/Preview Content\"";
				DEVELOPMENT_TEAM = 3QP7U5GNG3;
				ENABLE_PREVIEWS = YES;
				INFOPLIST_FILE = Movies/Info.plist;
				IPHONEOS_DEPLOYMENT_TARGET = 14.0;
				LD_RUNPATH_SEARCH_PATHS = (
					"$(inherited)",
					"@executable_path/Frameworks",
				);
				PRODUCT_BUNDLE_IDENTIFIER = com.slekens.Movies;
				PRODUCT_NAME = "$(TARGET_NAME)";
				SWIFT_VERSION = 5.0;
				TARGETED_DEVICE_FAMILY = "1,2";
			};
			name = Release;
		};
		B816B59E26684D93009CA8E0 /* Debug */ = {
			isa = XCBuildConfiguration;
			buildSettings = {
				ALWAYS_EMBED_SWIFT_STANDARD_LIBRARIES = YES;
				BUNDLE_LOADER = "$(TEST_HOST)";
				CODE_SIGN_STYLE = Automatic;
				DEVELOPMENT_TEAM = 3QP7U5GNG3;
				INFOPLIST_FILE = MoviesTests/Info.plist;
				IPHONEOS_DEPLOYMENT_TARGET = 14.0;
				LD_RUNPATH_SEARCH_PATHS = (
					"$(inherited)",
					"@executable_path/Frameworks",
					"@loader_path/Frameworks",
				);
				PRODUCT_BUNDLE_IDENTIFIER = com.slekens.MoviesTests;
				PRODUCT_NAME = "$(TARGET_NAME)";
				SWIFT_VERSION = 5.0;
				TARGETED_DEVICE_FAMILY = "1,2";
				TEST_HOST = "$(BUILT_PRODUCTS_DIR)/Movies.app/Movies";
			};
			name = Debug;
		};
		B816B59F26684D93009CA8E0 /* Release */ = {
			isa = XCBuildConfiguration;
			buildSettings = {
				ALWAYS_EMBED_SWIFT_STANDARD_LIBRARIES = YES;
				BUNDLE_LOADER = "$(TEST_HOST)";
				CODE_SIGN_STYLE = Automatic;
				DEVELOPMENT_TEAM = 3QP7U5GNG3;
				INFOPLIST_FILE = MoviesTests/Info.plist;
				IPHONEOS_DEPLOYMENT_TARGET = 14.0;
				LD_RUNPATH_SEARCH_PATHS = (
					"$(inherited)",
					"@executable_path/Frameworks",
					"@loader_path/Frameworks",
				);
				PRODUCT_BUNDLE_IDENTIFIER = com.slekens.MoviesTests;
				PRODUCT_NAME = "$(TARGET_NAME)";
				SWIFT_VERSION = 5.0;
				TARGETED_DEVICE_FAMILY = "1,2";
				TEST_HOST = "$(BUILT_PRODUCTS_DIR)/Movies.app/Movies";
			};
			name = Release;
		};
		B816B5A126684D93009CA8E0 /* Debug */ = {
			isa = XCBuildConfiguration;
			buildSettings = {
				ALWAYS_EMBED_SWIFT_STANDARD_LIBRARIES = YES;
				CODE_SIGN_STYLE = Automatic;
				DEVELOPMENT_TEAM = 3QP7U5GNG3;
				INFOPLIST_FILE = MoviesUITests/Info.plist;
				LD_RUNPATH_SEARCH_PATHS = (
					"$(inherited)",
					"@executable_path/Frameworks",
					"@loader_path/Frameworks",
				);
				PRODUCT_BUNDLE_IDENTIFIER = com.slekens.MoviesUITests;
				PRODUCT_NAME = "$(TARGET_NAME)";
				SWIFT_VERSION = 5.0;
				TARGETED_DEVICE_FAMILY = "1,2";
				TEST_TARGET_NAME = Movies;
			};
			name = Debug;
		};
		B816B5A226684D93009CA8E0 /* Release */ = {
			isa = XCBuildConfiguration;
			buildSettings = {
				ALWAYS_EMBED_SWIFT_STANDARD_LIBRARIES = YES;
				CODE_SIGN_STYLE = Automatic;
				DEVELOPMENT_TEAM = 3QP7U5GNG3;
				INFOPLIST_FILE = MoviesUITests/Info.plist;
				LD_RUNPATH_SEARCH_PATHS = (
					"$(inherited)",
					"@executable_path/Frameworks",
					"@loader_path/Frameworks",
				);
				PRODUCT_BUNDLE_IDENTIFIER = com.slekens.MoviesUITests;
				PRODUCT_NAME = "$(TARGET_NAME)";
				SWIFT_VERSION = 5.0;
				TARGETED_DEVICE_FAMILY = "1,2";
				TEST_TARGET_NAME = Movies;
			};
			name = Release;
		};
/* End XCBuildConfiguration section */

/* Begin XCConfigurationList section */
		B816B57026684D90009CA8E0 /* Build configuration list for PBXProject "Movies" */ = {
			isa = XCConfigurationList;
			buildConfigurations = (
				B816B59826684D93009CA8E0 /* Debug */,
				B816B59926684D93009CA8E0 /* Release */,
			);
			defaultConfigurationIsVisible = 0;
			defaultConfigurationName = Release;
		};
		B816B59A26684D93009CA8E0 /* Build configuration list for PBXNativeTarget "Movies" */ = {
			isa = XCConfigurationList;
			buildConfigurations = (
				B816B59B26684D93009CA8E0 /* Debug */,
				B816B59C26684D93009CA8E0 /* Release */,
			);
			defaultConfigurationIsVisible = 0;
			defaultConfigurationName = Release;
		};
		B816B59D26684D93009CA8E0 /* Build configuration list for PBXNativeTarget "MoviesTests" */ = {
			isa = XCConfigurationList;
			buildConfigurations = (
				B816B59E26684D93009CA8E0 /* Debug */,
				B816B59F26684D93009CA8E0 /* Release */,
			);
			defaultConfigurationIsVisible = 0;
			defaultConfigurationName = Release;
		};
		B816B5A026684D93009CA8E0 /* Build configuration list for PBXNativeTarget "MoviesUITests" */ = {
			isa = XCConfigurationList;
			buildConfigurations = (
				B816B5A126684D93009CA8E0 /* Debug */,
				B816B5A226684D93009CA8E0 /* Release */,
			);
			defaultConfigurationIsVisible = 0;
			defaultConfigurationName = Release;
		};
/* End XCConfigurationList section */
	};
	rootObject = B816B56D26684D90009CA8E0 /* Project object */;
}
